
Microsoft Visual Studio Solution File, Format Version 12.00
# Visual Studio Version 17
VisualStudioVersion = 17.8.34511.84
MinimumVisualStudioVersion = 10.0.40219.1
Project("{FAE04EC0-301F-11D3-BF4B-00C04F79EFBC}") = "SkillFactory-9.6.1HW", "SkillFactory-9.6.1HW\SkillFactory-9.6.1HW.csproj", "{850CC257-EAAB-4893-8578-73094DD634C6}"
EndProject
Global
	GlobalSection(SolutionConfigurationPlatforms) = preSolution
		Debug|Any CPU = Debug|Any CPU
		Release|Any CPU = Release|Any CPU
	EndGlobalSection
	GlobalSection(ProjectConfigurationPlatforms) = postSolution
		{850CC257-EAAB-4893-8578-73094DD634C6}.Debug|Any CPU.ActiveCfg = Debug|Any CPU
		{850CC257-EAAB-4893-8578-73094DD634C6}.Debug|Any CPU.Build.0 = Debug|Any CPU
		{850CC257-EAAB-4893-8578-73094DD634C6}.Release|Any CPU.ActiveCfg = Release|Any CPU
		{850CC257-EAAB-4893-8578-73094DD634C6}.Release|Any CPU.Build.0 = Release|Any CPU
	EndGlobalSection
	GlobalSection(SolutionProperties) = preSolution
		HideSolutionNode = FALSE
	EndGlobalSection
	GlobalSection(ExtensibilityGlobals) = postSolution
		SolutionGuid = {DA7A762F-84DD-432C-928A-9775846DA96E}
	EndGlobalSection
EndGlobal
